// !$*UTF8*$!
{
	archiveVersion = 1;
	classes = {
	};
	objectVersion = 46;
	objects = {

/* Begin PBXBuildFile section */
		0376645F199E89D9001A8CE4 /* Foundation.framework in Frameworks */ = {isa = PBXBuildFile; fileRef = 0376645E199E89D9001A8CE4 /* Foundation.framework */; };
		03766461199E89D9001A8CE4 /* CoreGraphics.framework in Frameworks */ = {isa = PBXBuildFile; fileRef = 03766460199E89D9001A8CE4 /* CoreGraphics.framework */; };
		03766463199E89D9001A8CE4 /* UIKit.framework in Frameworks */ = {isa = PBXBuildFile; fileRef = 03766462199E89D9001A8CE4 /* UIKit.framework */; };
		03766469199E89D9001A8CE4 /* InfoPlist.strings in Resources */ = {isa = PBXBuildFile; fileRef = 03766467199E89D9001A8CE4 /* InfoPlist.strings */; };
		0376646B199E89D9001A8CE4 /* main.m in Sources */ = {isa = PBXBuildFile; fileRef = 0376646A199E89D9001A8CE4 /* main.m */; };
		0376646F199E89D9001A8CE4 /* AppDelegate.m in Sources */ = {isa = PBXBuildFile; fileRef = 0376646E199E89D9001A8CE4 /* AppDelegate.m */; };
		03766472199E89D9001A8CE4 /* Main.storyboard in Resources */ = {isa = PBXBuildFile; fileRef = 03766470199E89D9001A8CE4 /* Main.storyboard */; };
		03766475199E89D9001A8CE4 /* ViewController.m in Sources */ = {isa = PBXBuildFile; fileRef = 03766474199E89D9001A8CE4 /* ViewController.m */; };
		03766477199E89D9001A8CE4 /* Images.xcassets in Resources */ = {isa = PBXBuildFile; fileRef = 03766476199E89D9001A8CE4 /* Images.xcassets */; };
		0376647E199E89D9001A8CE4 /* XCTest.framework in Frameworks */ = {isa = PBXBuildFile; fileRef = 0376647D199E89D9001A8CE4 /* XCTest.framework */; };
		0376647F199E89D9001A8CE4 /* Foundation.framework in Frameworks */ = {isa = PBXBuildFile; fileRef = 0376645E199E89D9001A8CE4 /* Foundation.framework */; };
		03766480199E89D9001A8CE4 /* UIKit.framework in Frameworks */ = {isa = PBXBuildFile; fileRef = 03766462199E89D9001A8CE4 /* UIKit.framework */; };
		03766488199E89D9001A8CE4 /* InfoPlist.strings in Resources */ = {isa = PBXBuildFile; fileRef = 03766486199E89D9001A8CE4 /* InfoPlist.strings */; };
		0376648A199E89D9001A8CE4 /* MonkeyInfernoChallengeTests.m in Sources */ = {isa = PBXBuildFile; fileRef = 03766489199E89D9001A8CE4 /* MonkeyInfernoChallengeTests.m */; };
		03766496199E8C00001A8CE4 /* DismissSegue.m in Sources */ = {isa = PBXBuildFile; fileRef = 03766495199E8C00001A8CE4 /* DismissSegue.m */; };
/* End PBXBuildFile section */

/* Begin PBXContainerItemProxy section */
		03766481199E89D9001A8CE4 /* PBXContainerItemProxy */ = {
			isa = PBXContainerItemProxy;
			containerPortal = 03766453199E89D9001A8CE4 /* Project object */;
			proxyType = 1;
			remoteGlobalIDString = 0376645A199E89D9001A8CE4;
			remoteInfo = MonkeyInfernoChallenge;
		};
/* End PBXContainerItemProxy section */

/* Begin PBXFileReference section */
		0376645B199E89D9001A8CE4 /* MonkeyInfernoChallenge.app */ = {isa = PBXFileReference; explicitFileType = wrapper.application; includeInIndex = 0; path = MonkeyInfernoChallenge.app; sourceTree = BUILT_PRODUCTS_DIR; };
		0376645E199E89D9001A8CE4 /* Foundation.framework */ = {isa = PBXFileReference; lastKnownFileType = wrapper.framework; name = Foundation.framework; path = System/Library/Frameworks/Foundation.framework; sourceTree = SDKROOT; };
		03766460199E89D9001A8CE4 /* CoreGraphics.framework */ = {isa = PBXFileReference; lastKnownFileType = wrapper.framework; name = CoreGraphics.framework; path = System/Library/Frameworks/CoreGraphics.framework; sourceTree = SDKROOT; };
		03766462199E89D9001A8CE4 /* UIKit.framework */ = {isa = PBXFileReference; lastKnownFileType = wrapper.framework; name = UIKit.framework; path = System/Library/Frameworks/UIKit.framework; sourceTree = SDKROOT; };
		03766466199E89D9001A8CE4 /* MonkeyInfernoChallenge-Info.plist */ = {isa = PBXFileReference; lastKnownFileType = text.plist.xml; path = "MonkeyInfernoChallenge-Info.plist"; sourceTree = "<group>"; };
		03766468199E89D9001A8CE4 /* en */ = {isa = PBXFileReference; lastKnownFileType = text.plist.strings; name = en; path = en.lproj/InfoPlist.strings; sourceTree = "<group>"; };
		0376646A199E89D9001A8CE4 /* main.m */ = {isa = PBXFileReference; lastKnownFileType = sourcecode.c.objc; path = main.m; sourceTree = "<group>"; };
		0376646C199E89D9001A8CE4 /* MonkeyInfernoChallenge-Prefix.pch */ = {isa = PBXFileReference; lastKnownFileType = sourcecode.c.h; path = "MonkeyInfernoChallenge-Prefix.pch"; sourceTree = "<group>"; };
		0376646D199E89D9001A8CE4 /* AppDelegate.h */ = {isa = PBXFileReference; lastKnownFileType = sourcecode.c.h; path = AppDelegate.h; sourceTree = "<group>"; };
		0376646E199E89D9001A8CE4 /* AppDelegate.m */ = {isa = PBXFileReference; lastKnownFileType = sourcecode.c.objc; path = AppDelegate.m; sourceTree = "<group>"; };
		03766471199E89D9001A8CE4 /* Base */ = {isa = PBXFileReference; lastKnownFileType = file.storyboard; name = Base; path = Base.lproj/Main.storyboard; sourceTree = "<group>"; };
		03766473199E89D9001A8CE4 /* ViewController.h */ = {isa = PBXFileReference; lastKnownFileType = sourcecode.c.h; path = ViewController.h; sourceTree = "<group>"; };
		03766474199E89D9001A8CE4 /* ViewController.m */ = {isa = PBXFileReference; lastKnownFileType = sourcecode.c.objc; path = ViewController.m; sourceTree = "<group>"; };
		03766476199E89D9001A8CE4 /* Images.xcassets */ = {isa = PBXFileReference; lastKnownFileType = folder.assetcatalog; path = Images.xcassets; sourceTree = "<group>"; };
		0376647C199E89D9001A8CE4 /* MonkeyInfernoChallengeTests.xctest */ = {isa = PBXFileReference; explicitFileType = wrapper.cfbundle; includeInIndex = 0; path = MonkeyInfernoChallengeTests.xctest; sourceTree = BUILT_PRODUCTS_DIR; };
		0376647D199E89D9001A8CE4 /* XCTest.framework */ = {isa = PBXFileReference; lastKnownFileType = wrapper.framework; name = XCTest.framework; path = Library/Frameworks/XCTest.framework; sourceTree = DEVELOPER_DIR; };
		03766485199E89D9001A8CE4 /* MonkeyInfernoChallengeTests-Info.plist */ = {isa = PBXFileReference; lastKnownFileType = text.plist.xml; path = "MonkeyInfernoChallengeTests-Info.plist"; sourceTree = "<group>"; };
		03766487199E89D9001A8CE4 /* en */ = {isa = PBXFileReference; lastKnownFileType = text.plist.strings; name = en; path = en.lproj/InfoPlist.strings; sourceTree = "<group>"; };
		03766489199E89D9001A8CE4 /* MonkeyInfernoChallengeTests.m */ = {isa = PBXFileReference; lastKnownFileType = sourcecode.c.objc; path = MonkeyInfernoChallengeTests.m; sourceTree = "<group>"; };
		03766494199E8C00001A8CE4 /* DismissSegue.h */ = {isa = PBXFileReference; fileEncoding = 4; lastKnownFileType = sourcecode.c.h; path = DismissSegue.h; sourceTree = "<group>"; };
		03766495199E8C00001A8CE4 /* DismissSegue.m */ = {isa = PBXFileReference; fileEncoding = 4; lastKnownFileType = sourcecode.c.objc; path = DismissSegue.m; sourceTree = "<group>"; };
/* End PBXFileReference section */

/* Begin PBXFrameworksBuildPhase section */
		03766458199E89D9001A8CE4 /* Frameworks */ = {
			isa = PBXFrameworksBuildPhase;
			buildActionMask = 2147483647;
			files = (
				03766461199E89D9001A8CE4 /* CoreGraphics.framework in Frameworks */,
				03766463199E89D9001A8CE4 /* UIKit.framework in Frameworks */,
				0376645F199E89D9001A8CE4 /* Foundation.framework in Frameworks */,
			);
			runOnlyForDeploymentPostprocessing = 0;
		};
		03766479199E89D9001A8CE4 /* Frameworks */ = {
			isa = PBXFrameworksBuildPhase;
			buildActionMask = 2147483647;
			files = (
				0376647E199E89D9001A8CE4 /* XCTest.framework in Frameworks */,
				03766480199E89D9001A8CE4 /* UIKit.framework in Frameworks */,
				0376647F199E89D9001A8CE4 /* Foundation.framework in Frameworks */,
			);
			runOnlyForDeploymentPostprocessing = 0;
		};
/* End PBXFrameworksBuildPhase section */

/* Begin PBXGroup section */
		03766452199E89D9001A8CE4 = {
			isa = PBXGroup;
			children = (
				03766464199E89D9001A8CE4 /* MonkeyInfernoChallenge */,
				03766483199E89D9001A8CE4 /* MonkeyInfernoChallengeTests */,
				0376645D199E89D9001A8CE4 /* Frameworks */,
				0376645C199E89D9001A8CE4 /* Products */,
			);
			sourceTree = "<group>";
		};
		0376645C199E89D9001A8CE4 /* Products */ = {
			isa = PBXGroup;
			children = (
				0376645B199E89D9001A8CE4 /* MonkeyInfernoChallenge.app */,
				0376647C199E89D9001A8CE4 /* MonkeyInfernoChallengeTests.xctest */,
			);
			name = Products;
			sourceTree = "<group>";
		};
		0376645D199E89D9001A8CE4 /* Frameworks */ = {
			isa = PBXGroup;
			children = (
				0376645E199E89D9001A8CE4 /* Foundation.framework */,
				03766460199E89D9001A8CE4 /* CoreGraphics.framework */,
				03766462199E89D9001A8CE4 /* UIKit.framework */,
				0376647D199E89D9001A8CE4 /* XCTest.framework */,
			);
			name = Frameworks;
			sourceTree = "<group>";
		};
		03766464199E89D9001A8CE4 /* MonkeyInfernoChallenge */ = {
			isa = PBXGroup;
			children = (
				03766493199E8BDC001A8CE4 /* Custom Segues */,
				0376646D199E89D9001A8CE4 /* AppDelegate.h */,
				0376646E199E89D9001A8CE4 /* AppDelegate.m */,
				03766470199E89D9001A8CE4 /* Main.storyboard */,
				03766473199E89D9001A8CE4 /* ViewController.h */,
				03766474199E89D9001A8CE4 /* ViewController.m */,
				03766476199E89D9001A8CE4 /* Images.xcassets */,
				03766465199E89D9001A8CE4 /* Supporting Files */,
			);
			path = MonkeyInfernoChallenge;
			sourceTree = "<group>";
		};
		03766465199E89D9001A8CE4 /* Supporting Files */ = {
			isa = PBXGroup;
			children = (
				03766466199E89D9001A8CE4 /* MonkeyInfernoChallenge-Info.plist */,
				03766467199E89D9001A8CE4 /* InfoPlist.strings */,
				0376646A199E89D9001A8CE4 /* main.m */,
				0376646C199E89D9001A8CE4 /* MonkeyInfernoChallenge-Prefix.pch */,
			);
			name = "Supporting Files";
			sourceTree = "<group>";
		};
		03766483199E89D9001A8CE4 /* MonkeyInfernoChallengeTests */ = {
			isa = PBXGroup;
			children = (
				03766489199E89D9001A8CE4 /* MonkeyInfernoChallengeTests.m */,
				03766484199E89D9001A8CE4 /* Supporting Files */,
			);
			path = MonkeyInfernoChallengeTests;
			sourceTree = "<group>";
		};
		03766484199E89D9001A8CE4 /* Supporting Files */ = {
			isa = PBXGroup;
			children = (
				03766485199E89D9001A8CE4 /* MonkeyInfernoChallengeTests-Info.plist */,
				03766486199E89D9001A8CE4 /* InfoPlist.strings */,
			);
			name = "Supporting Files";
			sourceTree = "<group>";
		};
		03766493199E8BDC001A8CE4 /* Custom Segues */ = {
			isa = PBXGroup;
			children = (
				03766494199E8C00001A8CE4 /* DismissSegue.h */,
				03766495199E8C00001A8CE4 /* DismissSegue.m */,
			);
			name = "Custom Segues";
			sourceTree = "<group>";
		};
/* End PBXGroup section */

/* Begin PBXNativeTarget section */
		0376645A199E89D9001A8CE4 /* MonkeyInfernoChallenge */ = {
			isa = PBXNativeTarget;
			buildConfigurationList = 0376648D199E89D9001A8CE4 /* Build configuration list for PBXNativeTarget "MonkeyInfernoChallenge" */;
			buildPhases = (
				03766457199E89D9001A8CE4 /* Sources */,
				03766458199E89D9001A8CE4 /* Frameworks */,
				03766459199E89D9001A8CE4 /* Resources */,
			);
			buildRules = (
			);
			dependencies = (
			);
			name = MonkeyInfernoChallenge;
			productName = MonkeyInfernoChallenge;
			productReference = 0376645B199E89D9001A8CE4 /* MonkeyInfernoChallenge.app */;
			productType = "com.apple.product-type.application";
		};
		0376647B199E89D9001A8CE4 /* MonkeyInfernoChallengeTests */ = {
			isa = PBXNativeTarget;
			buildConfigurationList = 03766490199E89D9001A8CE4 /* Build configuration list for PBXNativeTarget "MonkeyInfernoChallengeTests" */;
			buildPhases = (
				03766478199E89D9001A8CE4 /* Sources */,
				03766479199E89D9001A8CE4 /* Frameworks */,
				0376647A199E89D9001A8CE4 /* Resources */,
			);
			buildRules = (
			);
			dependencies = (
				03766482199E89D9001A8CE4 /* PBXTargetDependency */,
			);
			name = MonkeyInfernoChallengeTests;
			productName = MonkeyInfernoChallengeTests;
			productReference = 0376647C199E89D9001A8CE4 /* MonkeyInfernoChallengeTests.xctest */;
			productType = "com.apple.product-type.bundle.unit-test";
		};
/* End PBXNativeTarget section */

/* Begin PBXProject section */
		03766453199E89D9001A8CE4 /* Project object */ = {
			isa = PBXProject;
			attributes = {
				LastUpgradeCheck = 0510;
				ORGANIZATIONNAME = "Neil Dwyer";
				TargetAttributes = {
					0376647B199E89D9001A8CE4 = {
						TestTargetID = 0376645A199E89D9001A8CE4;
					};
				};
			};
			buildConfigurationList = 03766456199E89D9001A8CE4 /* Build configuration list for PBXProject "MonkeyInfernoChallenge" */;
			compatibilityVersion = "Xcode 3.2";
			developmentRegion = English;
			hasScannedForEncodings = 0;
			knownRegions = (
				en,
				Base,
			);
			mainGroup = 03766452199E89D9001A8CE4;
			productRefGroup = 0376645C199E89D9001A8CE4 /* Products */;
			projectDirPath = "";
			projectRoot = "";
			targets = (
				0376645A199E89D9001A8CE4 /* MonkeyInfernoChallenge */,
				0376647B199E89D9001A8CE4 /* MonkeyInfernoChallengeTests */,
			);
		};
/* End PBXProject section */

/* Begin PBXResourcesBuildPhase section */
		03766459199E89D9001A8CE4 /* Resources */ = {
			isa = PBXResourcesBuildPhase;
			buildActionMask = 2147483647;
			files = (
				03766477199E89D9001A8CE4 /* Images.xcassets in Resources */,
				03766469199E89D9001A8CE4 /* InfoPlist.strings in Resources */,
				03766472199E89D9001A8CE4 /* Main.storyboard in Resources */,
			);
			runOnlyForDeploymentPostprocessing = 0;
		};
		0376647A199E89D9001A8CE4 /* Resources */ = {
			isa = PBXResourcesBuildPhase;
			buildActionMask = 2147483647;
			files = (
				03766488199E89D9001A8CE4 /* InfoPlist.strings in Resources */,
			);
			runOnlyForDeploymentPostprocessing = 0;
		};
/* End PBXResourcesBuildPhase section */

/* Begin PBXSourcesBuildPhase section */
		03766457199E89D9001A8CE4 /* Sources */ = {
			isa = PBXSourcesBuildPhase;
			buildActionMask = 2147483647;
			files = (
				03766475199E89D9001A8CE4 /* ViewController.m in Sources */,
				0376646F199E89D9001A8CE4 /* AppDelegate.m in Sources */,
				03766496199E8C00001A8CE4 /* DismissSegue.m in Sources */,
				0376646B199E89D9001A8CE4 /* main.m in Sources */,
			);
			runOnlyForDeploymentPostprocessing = 0;
		};
		03766478199E89D9001A8CE4 /* Sources */ = {
			isa = PBXSourcesBuildPhase;
			buildActionMask = 2147483647;
			files = (
				0376648A199E89D9001A8CE4 /* MonkeyInfernoChallengeTests.m in Sources */,
			);
			runOnlyForDeploymentPostprocessing = 0;
		};
/* End PBXSourcesBuildPhase section */

/* Begin PBXTargetDependency section */
		03766482199E89D9001A8CE4 /* PBXTargetDependency */ = {
			isa = PBXTargetDependency;
			target = 0376645A199E89D9001A8CE4 /* MonkeyInfernoChallenge */;
			targetProxy = 03766481199E89D9001A8CE4 /* PBXContainerItemProxy */;
		};
/* End PBXTargetDependency section */

/* Begin PBXVariantGroup section */
		03766467199E89D9001A8CE4 /* InfoPlist.strings */ = {
			isa = PBXVariantGroup;
			children = (
				03766468199E89D9001A8CE4 /* en */,
			);
			name = InfoPlist.strings;
			sourceTree = "<group>";
		};
		03766470199E89D9001A8CE4 /* Main.storyboard */ = {
			isa = PBXVariantGroup;
			children = (
				03766471199E89D9001A8CE4 /* Base */,
			);
			name = Main.storyboard;
			sourceTree = "<group>";
		};
		03766486199E89D9001A8CE4 /* InfoPlist.strings */ = {
			isa = PBXVariantGroup;
			children = (
				03766487199E89D9001A8CE4 /* en */,
			);
			name = InfoPlist.strings;
			sourceTree = "<group>";
		};
/* End PBXVariantGroup section */

/* Begin XCBuildConfiguration section */
		0376648B199E89D9001A8CE4 /* Debug */ = {
			isa = XCBuildConfiguration;
			buildSettings = {
				ALWAYS_SEARCH_USER_PATHS = NO;
				CLANG_CXX_LANGUAGE_STANDARD = "gnu++0x";
				CLANG_CXX_LIBRARY = "libc++";
				CLANG_ENABLE_MODULES = YES;
				CLANG_ENABLE_OBJC_ARC = YES;
				CLANG_WARN_BOOL_CONVERSION = YES;
				CLANG_WARN_CONSTANT_CONVERSION = YES;
				CLANG_WARN_DIRECT_OBJC_ISA_USAGE = YES_ERROR;
				CLANG_WARN_EMPTY_BODY = YES;
				CLANG_WARN_ENUM_CONVERSION = YES;
				CLANG_WARN_INT_CONVERSION = YES;
				CLANG_WARN_OBJC_ROOT_CLASS = YES_ERROR;
				CLANG_WARN__DUPLICATE_METHOD_MATCH = YES;
				"CODE_SIGN_IDENTITY[sdk=iphoneos*]" = "iPhone Developer";
				COPY_PHASE_STRIP = NO;
				GCC_C_LANGUAGE_STANDARD = gnu99;
				GCC_DYNAMIC_NO_PIC = NO;
				GCC_OPTIMIZATION_LEVEL = 0;
				GCC_PREPROCESSOR_DEFINITIONS = (
					"DEBUG=1",
					"$(inherited)",
				);
				GCC_SYMBOLS_PRIVATE_EXTERN = NO;
				GCC_WARN_64_TO_32_BIT_CONVERSION = YES;
				GCC_WARN_ABOUT_RETURN_TYPE = YES_ERROR;
				GCC_WARN_UNDECLARED_SELECTOR = YES;
				GCC_WARN_UNINITIALIZED_AUTOS = YES_AGGRESSIVE;
				GCC_WARN_UNUSED_FUNCTION = YES;
				GCC_WARN_UNUSED_VARIABLE = YES;
				IPHONEOS_DEPLOYMENT_TARGET = 7.1;
				ONLY_ACTIVE_ARCH = YES;
				SDKROOT = iphoneos;
			};
			name = Debug;
		};
		0376648C199E89D9001A8CE4 /* Release */ = {
			isa = XCBuildConfiguration;
			buildSettings = {
				ALWAYS_SEARCH_USER_PATHS = NO;
				CLANG_CXX_LANGUAGE_STANDARD = "gnu++0x";
				CLANG_CXX_LIBRARY = "libc++";
				CLANG_ENABLE_MODULES = YES;
				CLANG_ENABLE_OBJC_ARC = YES;
				CLANG_WARN_BOOL_CONVERSION = YES;
				CLANG_WARN_CONSTANT_CONVERSION = YES;
				CLANG_WARN_DIRECT_OBJC_ISA_USAGE = YES_ERROR;
				CLANG_WARN_EMPTY_BODY = YES;
				CLANG_WARN_ENUM_CONVERSION = YES;
				CLANG_WARN_INT_CONVERSION = YES;
				CLANG_WARN_OBJC_ROOT_CLASS = YES_ERROR;
				CLANG_WARN__DUPLICATE_METHOD_MATCH = YES;
				"CODE_SIGN_IDENTITY[sdk=iphoneos*]" = "iPhone Developer";
				COPY_PHASE_STRIP = YES;
				ENABLE_NS_ASSERTIONS = NO;
				GCC_C_LANGUAGE_STANDARD = gnu99;
				GCC_WARN_64_TO_32_BIT_CONVERSION = YES;
				GCC_WARN_ABOUT_RETURN_TYPE = YES_ERROR;
				GCC_WARN_UNDECLARED_SELECTOR = YES;
				GCC_WARN_UNINITIALIZED_AUTOS = YES_AGGRESSIVE;
				GCC_WARN_UNUSED_FUNCTION = YES;
				GCC_WARN_UNUSED_VARIABLE = YES;
				IPHONEOS_DEPLOYMENT_TARGET = 7.1;
				SDKROOT = iphoneos;
				VALIDATE_PRODUCT = YES;
			};
			name = Release;
		};
		0376648E199E89D9001A8CE4 /* Debug */ = {
			isa = XCBuildConfiguration;
			buildSettings = {
				ASSETCATALOG_COMPILER_APPICON_NAME = AppIcon;
				ASSETCATALOG_COMPILER_LAUNCHIMAGE_NAME = LaunchImage;
				GCC_PRECOMPILE_PREFIX_HEADER = YES;
				GCC_PREFIX_HEADER = "MonkeyInfernoChallenge/MonkeyInfernoChallenge-Prefix.pch";
				INFOPLIST_FILE = "MonkeyInfernoChallenge/MonkeyInfernoChallenge-Info.plist";
				PRODUCT_NAME = "$(TARGET_NAME)";
				WRAPPER_EXTENSION = app;
			};
			name = Debug;
		};
		0376648F199E89D9001A8CE4 /* Release */ = {
			isa = XCBuildConfiguration;
			buildSettings = {
				ASSETCATALOG_COMPILER_APPICON_NAME = AppIcon;
				ASSETCATALOG_COMPILER_LAUNCHIMAGE_NAME = LaunchImage;
				GCC_PRECOMPILE_PREFIX_HEADER = YES;
				GCC_PREFIX_HEADER = "MonkeyInfernoChallenge/MonkeyInfernoChallenge-Prefix.pch";
				INFOPLIST_FILE = "MonkeyInfernoChallenge/MonkeyInfernoChallenge-Info.plist";
				PRODUCT_NAME = "$(TARGET_NAME)";
				WRAPPER_EXTENSION = app;
			};
			name = Release;
		};
		03766491199E89D9001A8CE4 /* Debug */ = {
			isa = XCBuildConfiguration;
			buildSettings = {
				BUNDLE_LOADER = "$(BUILT_PRODUCTS_DIR)/MonkeyInfernoChallenge.app/MonkeyInfernoChallenge";
				FRAMEWORK_SEARCH_PATHS = (
					"$(SDKROOT)/Developer/Library/Frameworks",
					"$(inherited)",
					"$(DEVELOPER_FRAMEWORKS_DIR)",
				);
				GCC_PRECOMPILE_PREFIX_HEADER = YES;
				GCC_PREFIX_HEADER = "MonkeyInfernoChallenge/MonkeyInfernoChallenge-Prefix.pch";
				GCC_PREPROCESSOR_DEFINITIONS = (
					"DEBUG=1",
					"$(inherited)",
				);
				INFOPLIST_FILE = "MonkeyInfernoChallengeTests/MonkeyInfernoChallengeTests-Info.plist";
				PRODUCT_NAME = "$(TARGET_NAME)";
				TEST_HOST = "$(BUNDLE_LOADER)";
				WRAPPER_EXTENSION = xctest;
			};
			name = Debug;
		};
		03766492199E89D9001A8CE4 /* Release */ = {
			isa = XCBuildConfiguration;
			buildSettings = {
				BUNDLE_LOADER = "$(BUILT_PRODUCTS_DIR)/MonkeyInfernoChallenge.app/MonkeyInfernoChallenge";
				FRAMEWORK_SEARCH_PATHS = (
					"$(SDKROOT)/Developer/Library/Frameworks",
					"$(inherited)",
					"$(DEVELOPER_FRAMEWORKS_DIR)",
				);
				GCC_PRECOMPILE_PREFIX_HEADER = YES;
				GCC_PREFIX_HEADER = "MonkeyInfernoChallenge/MonkeyInfernoChallenge-Prefix.pch";
				INFOPLIST_FILE = "MonkeyInfernoChallengeTests/MonkeyInfernoChallengeTests-Info.plist";
				PRODUCT_NAME = "$(TARGET_NAME)";
				TEST_HOST = "$(BUNDLE_LOADER)";
				WRAPPER_EXTENSION = xctest;
			};
			name = Release;
		};
/* End XCBuildConfiguration section */

/* Begin XCConfigurationList section */
		03766456199E89D9001A8CE4 /* Build configuration list for PBXProject "MonkeyInfernoChallenge" */ = {
			isa = XCConfigurationList;
			buildConfigurations = (
				0376648B199E89D9001A8CE4 /* Debug */,
				0376648C199E89D9001A8CE4 /* Release */,
			);
			defaultConfigurationIsVisible = 0;
			defaultConfigurationName = Release;
		};
		0376648D199E89D9001A8CE4 /* Build configuration list for PBXNativeTarget "MonkeyInfernoChallenge" */ = {
			isa = XCConfigurationList;
			buildConfigurations = (
				0376648E199E89D9001A8CE4 /* Debug */,
				0376648F199E89D9001A8CE4 /* Release */,
			);
			defaultConfigurationIsVisible = 0;
			defaultConfigurationName = Release;
		};
		03766490199E89D9001A8CE4 /* Build configuration list for PBXNativeTarget "MonkeyInfernoChallengeTests" */ = {
			isa = XCConfigurationList;
			buildConfigurations = (
				03766491199E89D9001A8CE4 /* Debug */,
				03766492199E89D9001A8CE4 /* Release */,
			);
			defaultConfigurationIsVisible = 0;
			defaultConfigurationName = Release;
		};
/* End XCConfigurationList section */
	};
	rootObject = 03766453199E89D9001A8CE4 /* Project object */;
}
